// !$*UTF8*$!
{
	archiveVersion = 1;
	classes = {
	};
	objectVersion = 46;
	objects = {

/* Begin PBXBuildFile section */
		D0DC10E419D7E01000980430 /* AppDelegate.swift in Sources */ = {isa = PBXBuildFile; fileRef = D0DC10E319D7E01000980430 /* AppDelegate.swift */; };
		D0DC10E619D7E01000980430 /* MasterViewController.swift in Sources */ = {isa = PBXBuildFile; fileRef = D0DC10E519D7E01000980430 /* MasterViewController.swift */; };
		D0DC10E819D7E01000980430 /* DetailViewController.swift in Sources */ = {isa = PBXBuildFile; fileRef = D0DC10E719D7E01000980430 /* DetailViewController.swift */; };
		D0DC10EB19D7E01000980430 /* Main.storyboard in Resources */ = {isa = PBXBuildFile; fileRef = D0DC10E919D7E01000980430 /* Main.storyboard */; };
		D0DC10ED19D7E01000980430 /* Images.xcassets in Resources */ = {isa = PBXBuildFile; fileRef = D0DC10EC19D7E01000980430 /* Images.xcassets */; };
		D0DC10F019D7E01000980430 /* LaunchScreen.xib in Resources */ = {isa = PBXBuildFile; fileRef = D0DC10EE19D7E01000980430 /* LaunchScreen.xib */; };
		D0DC10FC19D7E01000980430 /* NotificationsTests.swift in Sources */ = {isa = PBXBuildFile; fileRef = D0DC10FB19D7E01000980430 /* NotificationsTests.swift */; };
		D0DC114A19D7E0F900980430 /* ReactiveCocoa.framework in Frameworks */ = {isa = PBXBuildFile; fileRef = D0DC113F19D7E0DE00980430 /* ReactiveCocoa.framework */; };
		D0DC115A19D7E12A00980430 /* LlamaKit.framework in Frameworks */ = {isa = PBXBuildFile; fileRef = D0DC115319D7E12100980430 /* LlamaKit.framework */; };
/* End PBXBuildFile section */

/* Begin PBXContainerItemProxy section */
		D0DC10F619D7E01000980430 /* PBXContainerItemProxy */ = {
			isa = PBXContainerItemProxy;
			containerPortal = D0DC10D619D7E01000980430 /* Project object */;
			proxyType = 1;
			remoteGlobalIDString = D0DC10DD19D7E01000980430;
			remoteInfo = Notifications;
		};
		D0DC113E19D7E0DE00980430 /* PBXContainerItemProxy */ = {
			isa = PBXContainerItemProxy;
			containerPortal = D0DC113719D7E0DE00980430 /* ReactiveCocoa.xcodeproj */;
			proxyType = 2;
			remoteGlobalIDString = D047967319666BF30066B267;
			remoteInfo = "ReactiveCocoa-Mac";
		};
		D0DC114019D7E0DE00980430 /* PBXContainerItemProxy */ = {
			isa = PBXContainerItemProxy;
			containerPortal = D0DC113719D7E0DE00980430 /* ReactiveCocoa.xcodeproj */;
			proxyType = 2;
			remoteGlobalIDString = D047967E19666BF30066B267;
			remoteInfo = "ReactiveCocoa-MacTests";
		};
		D0DC114219D7E0DE00980430 /* PBXContainerItemProxy */ = {
			isa = PBXContainerItemProxy;
			containerPortal = D0DC113719D7E0DE00980430 /* ReactiveCocoa.xcodeproj */;
			proxyType = 2;
			remoteGlobalIDString = D047969A19666CBF0066B267;
			remoteInfo = "ReactiveCocoa-iOS";
		};
		D0DC114419D7E0DE00980430 /* PBXContainerItemProxy */ = {
			isa = PBXContainerItemProxy;
			containerPortal = D0DC113719D7E0DE00980430 /* ReactiveCocoa.xcodeproj */;
			proxyType = 2;
			remoteGlobalIDString = D04796A419666CBF0066B267;
			remoteInfo = "ReactiveCocoa-iOSTests";
		};
		D0DC115219D7E12100980430 /* PBXContainerItemProxy */ = {
			isa = PBXContainerItemProxy;
			containerPortal = D0DC114B19D7E12100980430 /* LlamaKit.xcodeproj */;
			proxyType = 2;
			remoteGlobalIDString = FB2F8D8119BF637B00E4C49E;
			remoteInfo = "LlamaKit-iOS";
		};
		D0DC115419D7E12100980430 /* PBXContainerItemProxy */ = {
			isa = PBXContainerItemProxy;
			containerPortal = D0DC114B19D7E12100980430 /* LlamaKit.xcodeproj */;
			proxyType = 2;
			remoteGlobalIDString = FB2F8D8C19BF637B00E4C49E;
			remoteInfo = "LlamaKit-iOSTests";
		};
		D0DC115619D7E12100980430 /* PBXContainerItemProxy */ = {
			isa = PBXContainerItemProxy;
			containerPortal = D0DC114B19D7E12100980430 /* LlamaKit.xcodeproj */;
			proxyType = 2;
			remoteGlobalIDString = D0297D1019D67999009986A9;
			remoteInfo = "LlamaKit-Mac";
		};
		D0DC115819D7E12100980430 /* PBXContainerItemProxy */ = {
			isa = PBXContainerItemProxy;
			containerPortal = D0DC114B19D7E12100980430 /* LlamaKit.xcodeproj */;
			proxyType = 2;
			remoteGlobalIDString = D0297D1A19D67999009986A9;
			remoteInfo = "LlamaKit-MacTests";
		};
/* End PBXContainerItemProxy section */

/* Begin PBXFileReference section */
		D0DC10DE19D7E01000980430 /* Notifications.app */ = {isa = PBXFileReference; explicitFileType = wrapper.application; includeInIndex = 0; path = Notifications.app; sourceTree = BUILT_PRODUCTS_DIR; };
		D0DC10E219D7E01000980430 /* Info.plist */ = {isa = PBXFileReference; lastKnownFileType = text.plist.xml; path = Info.plist; sourceTree = "<group>"; };
		D0DC10E319D7E01000980430 /* AppDelegate.swift */ = {isa = PBXFileReference; lastKnownFileType = sourcecode.swift; path = AppDelegate.swift; sourceTree = "<group>"; };
		D0DC10E519D7E01000980430 /* MasterViewController.swift */ = {isa = PBXFileReference; lastKnownFileType = sourcecode.swift; path = MasterViewController.swift; sourceTree = "<group>"; };
		D0DC10E719D7E01000980430 /* DetailViewController.swift */ = {isa = PBXFileReference; lastKnownFileType = sourcecode.swift; path = DetailViewController.swift; sourceTree = "<group>"; };
		D0DC10EA19D7E01000980430 /* Base */ = {isa = PBXFileReference; lastKnownFileType = file.storyboard; name = Base; path = Base.lproj/Main.storyboard; sourceTree = "<group>"; };
		D0DC10EC19D7E01000980430 /* Images.xcassets */ = {isa = PBXFileReference; lastKnownFileType = folder.assetcatalog; path = Images.xcassets; sourceTree = "<group>"; };
		D0DC10EF19D7E01000980430 /* Base */ = {isa = PBXFileReference; lastKnownFileType = file.xib; name = Base; path = Base.lproj/LaunchScreen.xib; sourceTree = "<group>"; };
		D0DC10F519D7E01000980430 /* NotificationsTests.xctest */ = {isa = PBXFileReference; explicitFileType = wrapper.cfbundle; includeInIndex = 0; path = NotificationsTests.xctest; sourceTree = BUILT_PRODUCTS_DIR; };
		D0DC10FA19D7E01000980430 /* Info.plist */ = {isa = PBXFileReference; lastKnownFileType = text.plist.xml; path = Info.plist; sourceTree = "<group>"; };
		D0DC10FB19D7E01000980430 /* NotificationsTests.swift */ = {isa = PBXFileReference; lastKnownFileType = sourcecode.swift; path = NotificationsTests.swift; sourceTree = "<group>"; };
		D0DC113719D7E0DE00980430 /* ReactiveCocoa.xcodeproj */ = {isa = PBXFileReference; lastKnownFileType = "wrapper.pb-project"; name = ReactiveCocoa.xcodeproj; path = External/ReactiveCocoa/ReactiveCocoa.xcodeproj; sourceTree = SOURCE_ROOT; };
		D0DC114B19D7E12100980430 /* LlamaKit.xcodeproj */ = {isa = PBXFileReference; lastKnownFileType = "wrapper.pb-project"; name = LlamaKit.xcodeproj; path = External/ReactiveCocoa/External/LlamaKit/LlamaKit.xcodeproj; sourceTree = SOURCE_ROOT; };
		D0DC115D19D7E1AD00980430 /* Common.xcconfig */ = {isa = PBXFileReference; lastKnownFileType = text.xcconfig; path = Common.xcconfig; sourceTree = "<group>"; };
		D0DC115F19D7E1AD00980430 /* Debug.xcconfig */ = {isa = PBXFileReference; lastKnownFileType = text.xcconfig; path = Debug.xcconfig; sourceTree = "<group>"; };
		D0DC116019D7E1AD00980430 /* Profile.xcconfig */ = {isa = PBXFileReference; lastKnownFileType = text.xcconfig; path = Profile.xcconfig; sourceTree = "<group>"; };
		D0DC116119D7E1AD00980430 /* Release.xcconfig */ = {isa = PBXFileReference; lastKnownFileType = text.xcconfig; path = Release.xcconfig; sourceTree = "<group>"; };
		D0DC116219D7E1AD00980430 /* Test.xcconfig */ = {isa = PBXFileReference; lastKnownFileType = text.xcconfig; path = Test.xcconfig; sourceTree = "<group>"; };
		D0DC116419D7E1AD00980430 /* Application.xcconfig */ = {isa = PBXFileReference; lastKnownFileType = text.xcconfig; path = Application.xcconfig; sourceTree = "<group>"; };
		D0DC116519D7E1AD00980430 /* Framework.xcconfig */ = {isa = PBXFileReference; lastKnownFileType = text.xcconfig; path = Framework.xcconfig; sourceTree = "<group>"; };
		D0DC116619D7E1AD00980430 /* StaticLibrary.xcconfig */ = {isa = PBXFileReference; lastKnownFileType = text.xcconfig; path = StaticLibrary.xcconfig; sourceTree = "<group>"; };
		D0DC116819D7E1AD00980430 /* iOS-Application.xcconfig */ = {isa = PBXFileReference; lastKnownFileType = text.xcconfig; path = "iOS-Application.xcconfig"; sourceTree = "<group>"; };
		D0DC116919D7E1AD00980430 /* iOS-Base.xcconfig */ = {isa = PBXFileReference; lastKnownFileType = text.xcconfig; path = "iOS-Base.xcconfig"; sourceTree = "<group>"; };
		D0DC116A19D7E1AD00980430 /* iOS-Framework.xcconfig */ = {isa = PBXFileReference; lastKnownFileType = text.xcconfig; path = "iOS-Framework.xcconfig"; sourceTree = "<group>"; };
		D0DC116B19D7E1AD00980430 /* iOS-StaticLibrary.xcconfig */ = {isa = PBXFileReference; lastKnownFileType = text.xcconfig; path = "iOS-StaticLibrary.xcconfig"; sourceTree = "<group>"; };
		D0DC116D19D7E1AD00980430 /* Mac-Application.xcconfig */ = {isa = PBXFileReference; lastKnownFileType = text.xcconfig; path = "Mac-Application.xcconfig"; sourceTree = "<group>"; };
		D0DC116E19D7E1AD00980430 /* Mac-Base.xcconfig */ = {isa = PBXFileReference; lastKnownFileType = text.xcconfig; path = "Mac-Base.xcconfig"; sourceTree = "<group>"; };
		D0DC116F19D7E1AD00980430 /* Mac-DynamicLibrary.xcconfig */ = {isa = PBXFileReference; lastKnownFileType = text.xcconfig; path = "Mac-DynamicLibrary.xcconfig"; sourceTree = "<group>"; };
		D0DC117019D7E1AD00980430 /* Mac-Framework.xcconfig */ = {isa = PBXFileReference; lastKnownFileType = text.xcconfig; path = "Mac-Framework.xcconfig"; sourceTree = "<group>"; };
		D0DC117119D7E1AD00980430 /* Mac-StaticLibrary.xcconfig */ = {isa = PBXFileReference; lastKnownFileType = text.xcconfig; path = "Mac-StaticLibrary.xcconfig"; sourceTree = "<group>"; };
		D0DC117219D7E1AD00980430 /* README.md */ = {isa = PBXFileReference; lastKnownFileType = net.daringfireball.markdown; path = README.md; sourceTree = "<group>"; };
/* End PBXFileReference section */

/* Begin PBXFrameworksBuildPhase section */
		D0DC10DB19D7E01000980430 /* Frameworks */ = {
			isa = PBXFrameworksBuildPhase;
			buildActionMask = 2147483647;
			files = (
				D0DC115A19D7E12A00980430 /* LlamaKit.framework in Frameworks */,
				D0DC114A19D7E0F900980430 /* ReactiveCocoa.framework in Frameworks */,
			);
			runOnlyForDeploymentPostprocessing = 0;
		};
		D0DC10F219D7E01000980430 /* Frameworks */ = {
			isa = PBXFrameworksBuildPhase;
			buildActionMask = 2147483647;
			files = (
			);
			runOnlyForDeploymentPostprocessing = 0;
		};
/* End PBXFrameworksBuildPhase section */

/* Begin PBXGroup section */
		D0DC10D519D7E01000980430 = {
			isa = PBXGroup;
			children = (
				D0DC10E019D7E01000980430 /* Notifications */,
				D0DC10F819D7E01000980430 /* NotificationsTests */,
				D0DC115B19D7E1AD00980430 /* Configuration */,
				D0DC10DF19D7E01000980430 /* Products */,
			);
			sourceTree = "<group>";
		};
		D0DC10DF19D7E01000980430 /* Products */ = {
			isa = PBXGroup;
			children = (
				D0DC10DE19D7E01000980430 /* Notifications.app */,
				D0DC10F519D7E01000980430 /* NotificationsTests.xctest */,
			);
			name = Products;
			sourceTree = "<group>";
		};
		D0DC10E019D7E01000980430 /* Notifications */ = {
			isa = PBXGroup;
			children = (
				D0DC10E319D7E01000980430 /* AppDelegate.swift */,
				D0DC10E519D7E01000980430 /* MasterViewController.swift */,
				D0DC10E719D7E01000980430 /* DetailViewController.swift */,
				D0DC10E919D7E01000980430 /* Main.storyboard */,
				D0DC10EC19D7E01000980430 /* Images.xcassets */,
				D0DC10EE19D7E01000980430 /* LaunchScreen.xib */,
				D0DC10E119D7E01000980430 /* Supporting Files */,
			);
			path = Notifications;
			sourceTree = "<group>";
		};
		D0DC10E119D7E01000980430 /* Supporting Files */ = {
			isa = PBXGroup;
			children = (
				D0DC114B19D7E12100980430 /* LlamaKit.xcodeproj */,
				D0DC113719D7E0DE00980430 /* ReactiveCocoa.xcodeproj */,
				D0DC10E219D7E01000980430 /* Info.plist */,
			);
			name = "Supporting Files";
			sourceTree = "<group>";
		};
		D0DC10F819D7E01000980430 /* NotificationsTests */ = {
			isa = PBXGroup;
			children = (
				D0DC10FB19D7E01000980430 /* NotificationsTests.swift */,
				D0DC10F919D7E01000980430 /* Supporting Files */,
			);
			path = NotificationsTests;
			sourceTree = "<group>";
		};
		D0DC10F919D7E01000980430 /* Supporting Files */ = {
			isa = PBXGroup;
			children = (
				D0DC10FA19D7E01000980430 /* Info.plist */,
			);
			name = "Supporting Files";
			sourceTree = "<group>";
		};
		D0DC113819D7E0DE00980430 /* Products */ = {
			isa = PBXGroup;
			children = (
				D0DC113F19D7E0DE00980430 /* ReactiveCocoa.framework */,
				D0DC114119D7E0DE00980430 /* ReactiveCocoa-MacTests.xctest */,
				D0DC114319D7E0DE00980430 /* ReactiveCocoa.framework */,
				D0DC114519D7E0DE00980430 /* ReactiveCocoa-iOSTests.xctest */,
			);
			name = Products;
			sourceTree = "<group>";
		};
		D0DC114C19D7E12100980430 /* Products */ = {
			isa = PBXGroup;
			children = (
				D0DC115319D7E12100980430 /* LlamaKit.framework */,
				D0DC115519D7E12100980430 /* LlamaKit-iOSTests.xctest */,
				D0DC115719D7E12100980430 /* LlamaKit.framework */,
				D0DC115919D7E12100980430 /* LlamaKit-MacTests.xctest */,
			);
			name = Products;
			sourceTree = "<group>";
		};
		D0DC115B19D7E1AD00980430 /* Configuration */ = {
			isa = PBXGroup;
			children = (
				D0DC115C19D7E1AD00980430 /* Base */,
				D0DC116719D7E1AD00980430 /* iOS */,
				D0DC116C19D7E1AD00980430 /* Mac OS X */,
				D0DC117219D7E1AD00980430 /* README.md */,
			);
			name = Configuration;
			path = External/ReactiveCocoa/External/xcconfigs;
			sourceTree = "<group>";
		};
		D0DC115C19D7E1AD00980430 /* Base */ = {
			isa = PBXGroup;
			children = (
				D0DC115D19D7E1AD00980430 /* Common.xcconfig */,
				D0DC115E19D7E1AD00980430 /* Configurations */,
				D0DC116319D7E1AD00980430 /* Targets */,
			);
			path = Base;
			sourceTree = "<group>";
		};
		D0DC115E19D7E1AD00980430 /* Configurations */ = {
			isa = PBXGroup;
			children = (
				D0DC115F19D7E1AD00980430 /* Debug.xcconfig */,
				D0DC116019D7E1AD00980430 /* Profile.xcconfig */,
				D0DC116119D7E1AD00980430 /* Release.xcconfig */,
				D0DC116219D7E1AD00980430 /* Test.xcconfig */,
			);
			path = Configurations;
			sourceTree = "<group>";
		};
		D0DC116319D7E1AD00980430 /* Targets */ = {
			isa = PBXGroup;
			children = (
				D0DC116419D7E1AD00980430 /* Application.xcconfig */,
				D0DC116519D7E1AD00980430 /* Framework.xcconfig */,
				D0DC116619D7E1AD00980430 /* StaticLibrary.xcconfig */,
			);
			path = Targets;
			sourceTree = "<group>";
		};
		D0DC116719D7E1AD00980430 /* iOS */ = {
			isa = PBXGroup;
			children = (
				D0DC116819D7E1AD00980430 /* iOS-Application.xcconfig */,
				D0DC116919D7E1AD00980430 /* iOS-Base.xcconfig */,
				D0DC116A19D7E1AD00980430 /* iOS-Framework.xcconfig */,
				D0DC116B19D7E1AD00980430 /* iOS-StaticLibrary.xcconfig */,
			);
			path = iOS;
			sourceTree = "<group>";
		};
		D0DC116C19D7E1AD00980430 /* Mac OS X */ = {
			isa = PBXGroup;
			children = (
				D0DC116D19D7E1AD00980430 /* Mac-Application.xcconfig */,
				D0DC116E19D7E1AD00980430 /* Mac-Base.xcconfig */,
				D0DC116F19D7E1AD00980430 /* Mac-DynamicLibrary.xcconfig */,
				D0DC117019D7E1AD00980430 /* Mac-Framework.xcconfig */,
				D0DC117119D7E1AD00980430 /* Mac-StaticLibrary.xcconfig */,
			);
			path = "Mac OS X";
			sourceTree = "<group>";
		};
/* End PBXGroup section */

/* Begin PBXNativeTarget section */
		D0DC10DD19D7E01000980430 /* Notifications */ = {
			isa = PBXNativeTarget;
			buildConfigurationList = D0DC10FF19D7E01000980430 /* Build configuration list for PBXNativeTarget "Notifications" */;
			buildPhases = (
				D0DC10DA19D7E01000980430 /* Sources */,
				D0DC10DB19D7E01000980430 /* Frameworks */,
				D0DC10DC19D7E01000980430 /* Resources */,
			);
			buildRules = (
			);
			dependencies = (
			);
			name = Notifications;
			productName = Notifications;
			productReference = D0DC10DE19D7E01000980430 /* Notifications.app */;
			productType = "com.apple.product-type.application";
		};
		D0DC10F419D7E01000980430 /* NotificationsTests */ = {
			isa = PBXNativeTarget;
			buildConfigurationList = D0DC110219D7E01000980430 /* Build configuration list for PBXNativeTarget "NotificationsTests" */;
			buildPhases = (
				D0DC10F119D7E01000980430 /* Sources */,
				D0DC10F219D7E01000980430 /* Frameworks */,
				D0DC10F319D7E01000980430 /* Resources */,
			);
			buildRules = (
			);
			dependencies = (
				D0DC10F719D7E01000980430 /* PBXTargetDependency */,
			);
			name = NotificationsTests;
			productName = NotificationsTests;
			productReference = D0DC10F519D7E01000980430 /* NotificationsTests.xctest */;
			productType = "com.apple.product-type.bundle.unit-test";
		};
/* End PBXNativeTarget section */

/* Begin PBXProject section */
		D0DC10D619D7E01000980430 /* Project object */ = {
			isa = PBXProject;
			attributes = {
				LastUpgradeCheck = 0610;
				ORGANIZATIONNAME = "Justin Spahr-Summers";
				TargetAttributes = {
					D0DC10DD19D7E01000980430 = {
						CreatedOnToolsVersion = 6.1;
					};
					D0DC10F419D7E01000980430 = {
						CreatedOnToolsVersion = 6.1;
						TestTargetID = D0DC10DD19D7E01000980430;
					};
				};
			};
			buildConfigurationList = D0DC10D919D7E01000980430 /* Build configuration list for PBXProject "Notifications" */;
			compatibilityVersion = "Xcode 3.2";
			developmentRegion = English;
			hasScannedForEncodings = 0;
			knownRegions = (
				en,
				Base,
			);
			mainGroup = D0DC10D519D7E01000980430;
			productRefGroup = D0DC10DF19D7E01000980430 /* Products */;
			projectDirPath = "";
			projectReferences = (
				{
					ProductGroup = D0DC114C19D7E12100980430 /* Products */;
					ProjectRef = D0DC114B19D7E12100980430 /* LlamaKit.xcodeproj */;
				},
				{
					ProductGroup = D0DC113819D7E0DE00980430 /* Products */;
					ProjectRef = D0DC113719D7E0DE00980430 /* ReactiveCocoa.xcodeproj */;
				},
			);
			projectRoot = "";
			targets = (
				D0DC10DD19D7E01000980430 /* Notifications */,
				D0DC10F419D7E01000980430 /* NotificationsTests */,
			);
		};
/* End PBXProject section */

/* Begin PBXReferenceProxy section */
		D0DC113F19D7E0DE00980430 /* ReactiveCocoa.framework */ = {
			isa = PBXReferenceProxy;
			fileType = wrapper.framework;
			path = ReactiveCocoa.framework;
			remoteRef = D0DC113E19D7E0DE00980430 /* PBXContainerItemProxy */;
			sourceTree = BUILT_PRODUCTS_DIR;
		};
		D0DC114119D7E0DE00980430 /* ReactiveCocoa-MacTests.xctest */ = {
			isa = PBXReferenceProxy;
			fileType = wrapper.cfbundle;
			path = "ReactiveCocoa-MacTests.xctest";
			remoteRef = D0DC114019D7E0DE00980430 /* PBXContainerItemProxy */;
			sourceTree = BUILT_PRODUCTS_DIR;
		};
		D0DC114319D7E0DE00980430 /* ReactiveCocoa.framework */ = {
			isa = PBXReferenceProxy;
			fileType = wrapper.framework;
			path = ReactiveCocoa.framework;
			remoteRef = D0DC114219D7E0DE00980430 /* PBXContainerItemProxy */;
			sourceTree = BUILT_PRODUCTS_DIR;
		};
		D0DC114519D7E0DE00980430 /* ReactiveCocoa-iOSTests.xctest */ = {
			isa = PBXReferenceProxy;
			fileType = wrapper.cfbundle;
			path = "ReactiveCocoa-iOSTests.xctest";
			remoteRef = D0DC114419D7E0DE00980430 /* PBXContainerItemProxy */;
			sourceTree = BUILT_PRODUCTS_DIR;
		};
		D0DC115319D7E12100980430 /* LlamaKit.framework */ = {
			isa = PBXReferenceProxy;
			fileType = wrapper.framework;
			path = LlamaKit.framework;
			remoteRef = D0DC115219D7E12100980430 /* PBXContainerItemProxy */;
			sourceTree = BUILT_PRODUCTS_DIR;
		};
		D0DC115519D7E12100980430 /* LlamaKit-iOSTests.xctest */ = {
			isa = PBXReferenceProxy;
			fileType = wrapper.cfbundle;
			path = "LlamaKit-iOSTests.xctest";
			remoteRef = D0DC115419D7E12100980430 /* PBXContainerItemProxy */;
			sourceTree = BUILT_PRODUCTS_DIR;
		};
		D0DC115719D7E12100980430 /* LlamaKit.framework */ = {
			isa = PBXReferenceProxy;
			fileType = wrapper.framework;
			path = LlamaKit.framework;
			remoteRef = D0DC115619D7E12100980430 /* PBXContainerItemProxy */;
			sourceTree = BUILT_PRODUCTS_DIR;
		};
		D0DC115919D7E12100980430 /* LlamaKit-MacTests.xctest */ = {
			isa = PBXReferenceProxy;
			fileType = wrapper.cfbundle;
			path = "LlamaKit-MacTests.xctest";
			remoteRef = D0DC115819D7E12100980430 /* PBXContainerItemProxy */;
			sourceTree = BUILT_PRODUCTS_DIR;
		};
/* End PBXReferenceProxy section */

/* Begin PBXResourcesBuildPhase section */
		D0DC10DC19D7E01000980430 /* Resources */ = {
			isa = PBXResourcesBuildPhase;
			buildActionMask = 2147483647;
			files = (
				D0DC10EB19D7E01000980430 /* Main.storyboard in Resources */,
				D0DC10F019D7E01000980430 /* LaunchScreen.xib in Resources */,
				D0DC10ED19D7E01000980430 /* Images.xcassets in Resources */,
			);
			runOnlyForDeploymentPostprocessing = 0;
		};
		D0DC10F319D7E01000980430 /* Resources */ = {
			isa = PBXResourcesBuildPhase;
			buildActionMask = 2147483647;
			files = (
			);
			runOnlyForDeploymentPostprocessing = 0;
		};
/* End PBXResourcesBuildPhase section */

/* Begin PBXSourcesBuildPhase section */
		D0DC10DA19D7E01000980430 /* Sources */ = {
			isa = PBXSourcesBuildPhase;
			buildActionMask = 2147483647;
			files = (
				D0DC10E819D7E01000980430 /* DetailViewController.swift in Sources */,
				D0DC10E619D7E01000980430 /* MasterViewController.swift in Sources */,
				D0DC10E419D7E01000980430 /* AppDelegate.swift in Sources */,
			);
			runOnlyForDeploymentPostprocessing = 0;
		};
		D0DC10F119D7E01000980430 /* Sources */ = {
			isa = PBXSourcesBuildPhase;
			buildActionMask = 2147483647;
			files = (
				D0DC10FC19D7E01000980430 /* NotificationsTests.swift in Sources */,
			);
			runOnlyForDeploymentPostprocessing = 0;
		};
/* End PBXSourcesBuildPhase section */

/* Begin PBXTargetDependency section */
		D0DC10F719D7E01000980430 /* PBXTargetDependency */ = {
			isa = PBXTargetDependency;
			target = D0DC10DD19D7E01000980430 /* Notifications */;
			targetProxy = D0DC10F619D7E01000980430 /* PBXContainerItemProxy */;
		};
/* End PBXTargetDependency section */

/* Begin PBXVariantGroup section */
		D0DC10E919D7E01000980430 /* Main.storyboard */ = {
			isa = PBXVariantGroup;
			children = (
				D0DC10EA19D7E01000980430 /* Base */,
			);
			name = Main.storyboard;
			sourceTree = "<group>";
		};
		D0DC10EE19D7E01000980430 /* LaunchScreen.xib */ = {
			isa = PBXVariantGroup;
			children = (
				D0DC10EF19D7E01000980430 /* Base */,
			);
			name = LaunchScreen.xib;
			sourceTree = "<group>";
		};
/* End PBXVariantGroup section */

/* Begin XCBuildConfiguration section */
		D0DC10FD19D7E01000980430 /* Debug */ = {
			isa = XCBuildConfiguration;
			baseConfigurationReference = D0DC115F19D7E1AD00980430 /* Debug.xcconfig */;
			buildSettings = {
				ALWAYS_SEARCH_USER_PATHS = NO;
				CLANG_CXX_LANGUAGE_STANDARD = "gnu++0x";
				CLANG_CXX_LIBRARY = "libc++";
				"CODE_SIGN_IDENTITY[sdk=iphoneos*]" = "iPhone Developer";
				COPY_PHASE_STRIP = NO;
				GCC_C_LANGUAGE_STANDARD = gnu99;
				GCC_DYNAMIC_NO_PIC = NO;
				GCC_OPTIMIZATION_LEVEL = 0;
				GCC_SYMBOLS_PRIVATE_EXTERN = NO;
				IPHONEOS_DEPLOYMENT_TARGET = 8.0;
				MTL_ENABLE_DEBUG_INFO = YES;
				ONLY_ACTIVE_ARCH = YES;
				SDKROOT = iphoneos;
			};
			name = Debug;
		};
		D0DC10FE19D7E01000980430 /* Release */ = {
			isa = XCBuildConfiguration;
			baseConfigurationReference = D0DC116119D7E1AD00980430 /* Release.xcconfig */;
			buildSettings = {
				ALWAYS_SEARCH_USER_PATHS = NO;
				CLANG_CXX_LANGUAGE_STANDARD = "gnu++0x";
				CLANG_CXX_LIBRARY = "libc++";
				"CODE_SIGN_IDENTITY[sdk=iphoneos*]" = "iPhone Developer";
				COPY_PHASE_STRIP = YES;
				GCC_C_LANGUAGE_STANDARD = gnu99;
				IPHONEOS_DEPLOYMENT_TARGET = 8.0;
				MTL_ENABLE_DEBUG_INFO = NO;
				SDKROOT = iphoneos;
				VALIDATE_PRODUCT = YES;
			};
			name = Release;
		};
		D0DC110019D7E01000980430 /* Debug */ = {
			isa = XCBuildConfiguration;
			baseConfigurationReference = D0DC116819D7E1AD00980430 /* iOS-Application.xcconfig */;
			buildSettings = {
				ASSETCATALOG_COMPILER_APPICON_NAME = AppIcon;
				INFOPLIST_FILE = Notifications/Info.plist;
				PRODUCT_NAME = "$(TARGET_NAME)";
			};
			name = Debug;
		};
		D0DC110119D7E01000980430 /* Release */ = {
			isa = XCBuildConfiguration;
			baseConfigurationReference = D0DC116819D7E1AD00980430 /* iOS-Application.xcconfig */;
			buildSettings = {
				ASSETCATALOG_COMPILER_APPICON_NAME = AppIcon;
				INFOPLIST_FILE = Notifications/Info.plist;
				PRODUCT_NAME = "$(TARGET_NAME)";
			};
			name = Release;
		};
		D0DC110319D7E01000980430 /* Debug */ = {
			isa = XCBuildConfiguration;
			baseConfigurationReference = D0DC116819D7E1AD00980430 /* iOS-Application.xcconfig */;
			buildSettings = {
				BUNDLE_LOADER = "$(TEST_HOST)";
				FRAMEWORK_SEARCH_PATHS = (
					"$(SDKROOT)/Developer/Library/Frameworks",
					"$(inherited)",
				);
				INFOPLIST_FILE = NotificationsTests/Info.plist;
				LD_RUNPATH_SEARCH_PATHS = "$(inherited) @executable_path/Frameworks @loader_path/Frameworks";
				PRODUCT_NAME = "$(TARGET_NAME)";
				TEST_HOST = "$(BUILT_PRODUCTS_DIR)/Notifications.app/Notifications";
			};
			name = Debug;
		};
		D0DC110419D7E01000980430 /* Release */ = {
			isa = XCBuildConfiguration;
			baseConfigurationReference = D0DC116819D7E1AD00980430 /* iOS-Application.xcconfig */;
			buildSettings = {
				BUNDLE_LOADER = "$(TEST_HOST)";
				FRAMEWORK_SEARCH_PATHS = (
					"$(SDKROOT)/Developer/Library/Frameworks",
					"$(inherited)",
				);
				INFOPLIST_FILE = NotificationsTests/Info.plist;
				LD_RUNPATH_SEARCH_PATHS = "$(inherited) @executable_path/Frameworks @loader_path/Frameworks";
				PRODUCT_NAME = "$(TARGET_NAME)";
				TEST_HOST = "$(BUILT_PRODUCTS_DIR)/Notifications.app/Notifications";
			};
			name = Release;
		};
		D0DC117319D7E1C000980430 /* Profile */ = {
			isa = XCBuildConfiguration;
			baseConfigurationReference = D0DC116019D7E1AD00980430 /* Profile.xcconfig */;
			buildSettings = {
				ALWAYS_SEARCH_USER_PATHS = NO;
				CLANG_CXX_LANGUAGE_STANDARD = "gnu++0x";
				CLANG_CXX_LIBRARY = "libc++";
				"CODE_SIGN_IDENTITY[sdk=iphoneos*]" = "iPhone Developer";
				COPY_PHASE_STRIP = YES;
				GCC_C_LANGUAGE_STANDARD = gnu99;
				IPHONEOS_DEPLOYMENT_TARGET = 8.0;
				MTL_ENABLE_DEBUG_INFO = NO;
				SDKROOT = iphoneos;
				VALIDATE_PRODUCT = YES;
			};
			name = Profile;
		};
		D0DC117419D7E1C000980430 /* Profile */ = {
			isa = XCBuildConfiguration;
			baseConfigurationReference = D0DC116819D7E1AD00980430 /* iOS-Application.xcconfig */;
			buildSettings = {
				ASSETCATALOG_COMPILER_APPICON_NAME = AppIcon;
				INFOPLIST_FILE = Notifications/Info.plist;
				PRODUCT_NAME = "$(TARGET_NAME)";
			};
			name = Profile;
		};
		D0DC117519D7E1C000980430 /* Profile */ = {
			isa = XCBuildConfiguration;
			baseConfigurationReference = D0DC116819D7E1AD00980430 /* iOS-Application.xcconfig */;
			buildSettings = {
				BUNDLE_LOADER = "$(TEST_HOST)";
				FRAMEWORK_SEARCH_PATHS = (
					"$(SDKROOT)/Developer/Library/Frameworks",
					"$(inherited)",
				);
				INFOPLIST_FILE = NotificationsTests/Info.plist;
				LD_RUNPATH_SEARCH_PATHS = "$(inherited) @executable_path/Frameworks @loader_path/Frameworks";
				PRODUCT_NAME = "$(TARGET_NAME)";
				TEST_HOST = "$(BUILT_PRODUCTS_DIR)/Notifications.app/Notifications";
			};
			name = Profile;
		};
		D0DC117619D7E1C700980430 /* Test */ = {
			isa = XCBuildConfiguration;
			baseConfigurationReference = D0DC116219D7E1AD00980430 /* Test.xcconfig */;
			buildSettings = {
				ALWAYS_SEARCH_USER_PATHS = NO;
				CLANG_CXX_LANGUAGE_STANDARD = "gnu++0x";
				CLANG_CXX_LIBRARY = "libc++";
				"CODE_SIGN_IDENTITY[sdk=iphoneos*]" = "iPhone Developer";
				COPY_PHASE_STRIP = NO;
				GCC_C_LANGUAGE_STANDARD = gnu99;
				GCC_DYNAMIC_NO_PIC = NO;
				GCC_OPTIMIZATION_LEVEL = 0;
				GCC_SYMBOLS_PRIVATE_EXTERN = NO;
				IPHONEOS_DEPLOYMENT_TARGET = 8.0;
				MTL_ENABLE_DEBUG_INFO = YES;
				ONLY_ACTIVE_ARCH = YES;
				SDKROOT = iphoneos;
			};
			name = Test;
		};
		D0DC117719D7E1C700980430 /* Test */ = {
			isa = XCBuildConfiguration;
			baseConfigurationReference = D0DC116819D7E1AD00980430 /* iOS-Application.xcconfig */;
			buildSettings = {
				ASSETCATALOG_COMPILER_APPICON_NAME = AppIcon;
				INFOPLIST_FILE = Notifications/Info.plist;
				PRODUCT_NAME = "$(TARGET_NAME)";
			};
			name = Test;
		};
		D0DC117819D7E1C700980430 /* Test */ = {
			isa = XCBuildConfiguration;
			baseConfigurationReference = D0DC116819D7E1AD00980430 /* iOS-Application.xcconfig */;
			buildSettings = {
				BUNDLE_LOADER = "$(TEST_HOST)";
				FRAMEWORK_SEARCH_PATHS = (
					"$(SDKROOT)/Developer/Library/Frameworks",
					"$(inherited)",
				);
				INFOPLIST_FILE = NotificationsTests/Info.plist;
				LD_RUNPATH_SEARCH_PATHS = "$(inherited) @executable_path/Frameworks @loader_path/Frameworks";
				PRODUCT_NAME = "$(TARGET_NAME)";
				TEST_HOST = "$(BUILT_PRODUCTS_DIR)/Notifications.app/Notifications";
			};
			name = Test;
		};
/* End XCBuildConfiguration section */

/* Begin XCConfigurationList section */
		D0DC10D919D7E01000980430 /* Build configuration list for PBXProject "Notifications" */ = {
			isa = XCConfigurationList;
			buildConfigurations = (
				D0DC10FD19D7E01000980430 /* Debug */,
				D0DC117619D7E1C700980430 /* Test */,
				D0DC10FE19D7E01000980430 /* Release */,
				D0DC117319D7E1C000980430 /* Profile */,
			);
			defaultConfigurationIsVisible = 0;
			defaultConfigurationName = Release;
		};
		D0DC10FF19D7E01000980430 /* Build configuration list for PBXNativeTarget "Notifications" */ = {
			isa = XCConfigurationList;
			buildConfigurations = (
				D0DC110019D7E01000980430 /* Debug */,
				D0DC117719D7E1C700980430 /* Test */,
				D0DC110119D7E01000980430 /* Release */,
				D0DC117419D7E1C000980430 /* Profile */,
			);
			defaultConfigurationIsVisible = 0;
			defaultConfigurationName = Release;
		};
		D0DC110219D7E01000980430 /* Build configuration list for PBXNativeTarget "NotificationsTests" */ = {
			isa = XCConfigurationList;
			buildConfigurations = (
				D0DC110319D7E01000980430 /* Debug */,
				D0DC117819D7E1C700980430 /* Test */,
				D0DC110419D7E01000980430 /* Release */,
				D0DC117519D7E1C000980430 /* Profile */,
			);
			defaultConfigurationIsVisible = 0;
			defaultConfigurationName = Release;
		};
/* End XCConfigurationList section */
	};
	rootObject = D0DC10D619D7E01000980430 /* Project object */;
}
